
Microsoft Visual Studio Solution File, Format Version 12.00
# Visual Studio Version 17
VisualStudioVersion = 17.11.35303.130
MinimumVisualStudioVersion = 10.0.40219.1
Project("{FAE04EC0-301F-11D3-BF4B-00C04F79EFBC}") = "IMSA_Solicitud_Service", "IMSA_Solicitud_Service.csproj", "{30D115B6-4598-443C-8666-34E9376A32EC}"
EndProject
Global
	GlobalSection(SolutionConfigurationPlatforms) = preSolution
		Debug|Any CPU = Debug|Any CPU
		Release|Any CPU = Release|Any CPU
	EndGlobalSection
	GlobalSection(ProjectConfigurationPlatforms) = postSolution
		{30D115B6-4598-443C-8666-34E9376A32EC}.Debug|Any CPU.ActiveCfg = Debug|Any CPU
		{30D115B6-4598-443C-8666-34E9376A32EC}.Debug|Any CPU.Build.0 = Debug|Any CPU
		{30D115B6-4598-443C-8666-34E9376A32EC}.Release|Any CPU.ActiveCfg = Release|Any CPU
		{30D115B6-4598-443C-8666-34E9376A32EC}.Release|Any CPU.Build.0 = Release|Any CPU
	EndGlobalSection
	GlobalSection(SolutionProperties) = preSolution
		HideSolutionNode = FALSE
	EndGlobalSection
	GlobalSection(ExtensibilityGlobals) = postSolution
		SolutionGuid = {EE872726-802E-4C27-B192-B3C5FBB1E3AE}
	EndGlobalSection
EndGlobal
